
Microsoft Visual Studio Solution File, Format Version 11.00
# Visual Studio 2010
Project("{FAE04EC0-301F-11D3-BF4B-00C04F79EFBC}") = "Assembly-CSharp", "Assembly-CSharp.csproj", "{812b1b4e-e773-1c78-55a0-888ef46c1a0b}"
EndProject
Project("{FAE04EC0-301F-11D3-BF4B-00C04F79EFBC}") = "ParadoxNotion", "ParadoxNotion.csproj", "{aeb8e869-0086-f63a-d1e9-8456d23bbea7}"
EndProject
Global
	GlobalSection(SolutionConfigurationPlatforms) = preSolution
		Debug|Any CPU = Debug|Any CPU
		Release|Any CPU = Release|Any CPU
	EndGlobalSection
	GlobalSection(ProjectConfigurationPlatforms) = postSolution
		{812b1b4e-e773-1c78-55a0-888ef46c1a0b}.Debug|Any CPU.ActiveCfg = Debug|Any CPU
		{812b1b4e-e773-1c78-55a0-888ef46c1a0b}.Debug|Any CPU.Build.0 = Debug|Any CPU
		{812b1b4e-e773-1c78-55a0-888ef46c1a0b}.Release|Any CPU.ActiveCfg = Release|Any CPU
		{812b1b4e-e773-1c78-55a0-888ef46c1a0b}.Release|Any CPU.Build.0 = Release|Any CPU
		{aeb8e869-0086-f63a-d1e9-8456d23bbea7}.Debug|Any CPU.ActiveCfg = Debug|Any CPU
		{aeb8e869-0086-f63a-d1e9-8456d23bbea7}.Debug|Any CPU.Build.0 = Debug|Any CPU
		{aeb8e869-0086-f63a-d1e9-8456d23bbea7}.Release|Any CPU.ActiveCfg = Release|Any CPU
		{aeb8e869-0086-f63a-d1e9-8456d23bbea7}.Release|Any CPU.Build.0 = Release|Any CPU
	EndGlobalSection
	GlobalSection(SolutionProperties) = preSolution
		HideSolutionNode = FALSE
	EndGlobalSection
EndGlobal
